
Microsoft Visual Studio Solution File, Format Version 12.00
# Visual Studio Version 17
VisualStudioVersion = 17.2.32616.157
MinimumVisualStudioVersion = 10.0.40219.1
Project("{FAE04EC0-301F-11D3-BF4B-00C04F79EFBC}") = "ScooterRental", "ScooterRental.csproj", "{AA7B7803-31A2-4113-BD2D-24EF18D0CBFF}"
EndProject
Global
	GlobalSection(SolutionConfigurationPlatforms) = preSolution
		Debug|Any CPU = Debug|Any CPU
		Release|Any CPU = Release|Any CPU
	EndGlobalSection
	GlobalSection(ProjectConfigurationPlatforms) = postSolution
		{AA7B7803-31A2-4113-BD2D-24EF18D0CBFF}.Debug|Any CPU.ActiveCfg = Debug|Any CPU
		{AA7B7803-31A2-4113-BD2D-24EF18D0CBFF}.Debug|Any CPU.Build.0 = Debug|Any CPU
		{AA7B7803-31A2-4113-BD2D-24EF18D0CBFF}.Release|Any CPU.ActiveCfg = Release|Any CPU
		{AA7B7803-31A2-4113-BD2D-24EF18D0CBFF}.Release|Any CPU.Build.0 = Release|Any CPU
	EndGlobalSection
	GlobalSection(SolutionProperties) = preSolution
		HideSolutionNode = FALSE
	EndGlobalSection
	GlobalSection(ExtensibilityGlobals) = postSolution
		SolutionGuid = {97ECFC87-A12C-4A4A-9EDD-2EED94DA599C}
	EndGlobalSection
EndGlobal
